// !$*UTF8*$!
{
	archiveVersion = 1;
	classes = {
	};
	objectVersion = 46;
	objects = {

/* Begin PBXBuildFile section */
		B384399D1F02BF3400964F5E /* SushiPiece.swift in Sources */ = {isa = PBXBuildFile; fileRef = B384399C1F02BF3400964F5E /* SushiPiece.swift */; };
		B384399F1F02C58A00964F5E /* Character.swift in Sources */ = {isa = PBXBuildFile; fileRef = B384399E1F02C58A00964F5E /* Character.swift */; };
		B38439A11F02D60400964F5E /* AnimationActions.sks in Resources */ = {isa = PBXBuildFile; fileRef = B38439A01F02D60400964F5E /* AnimationActions.sks */; };
		B38439A31F02DF5200964F5E /* sfx_swipe.caf in Resources */ = {isa = PBXBuildFile; fileRef = B38439A21F02D66E00964F5E /* sfx_swipe.caf */; };
		B38439A51F030D1100964F5E /* MainMenu.sks in Resources */ = {isa = PBXBuildFile; fileRef = B38439A41F030D1100964F5E /* MainMenu.sks */; };
		B38439A71F030E7000964F5E /* MainMenu.swift in Sources */ = {isa = PBXBuildFile; fileRef = B38439A61F030E7000964F5E /* MainMenu.swift */; };
		B3BF6A751F01C537009342DD /* AppDelegate.swift in Sources */ = {isa = PBXBuildFile; fileRef = B3BF6A741F01C537009342DD /* AppDelegate.swift */; };
		B3BF6A771F01C538009342DD /* GameScene.sks in Resources */ = {isa = PBXBuildFile; fileRef = B3BF6A761F01C537009342DD /* GameScene.sks */; };
		B3BF6A791F01C538009342DD /* Actions.sks in Resources */ = {isa = PBXBuildFile; fileRef = B3BF6A781F01C538009342DD /* Actions.sks */; };
		B3BF6A7B1F01C538009342DD /* GameScene.swift in Sources */ = {isa = PBXBuildFile; fileRef = B3BF6A7A1F01C538009342DD /* GameScene.swift */; };
		B3BF6A7D1F01C538009342DD /* GameViewController.swift in Sources */ = {isa = PBXBuildFile; fileRef = B3BF6A7C1F01C538009342DD /* GameViewController.swift */; };
		B3BF6A801F01C538009342DD /* Main.storyboard in Resources */ = {isa = PBXBuildFile; fileRef = B3BF6A7E1F01C538009342DD /* Main.storyboard */; };
		B3BF6A821F01C538009342DD /* Assets.xcassets in Resources */ = {isa = PBXBuildFile; fileRef = B3BF6A811F01C538009342DD /* Assets.xcassets */; };
		B3BF6A851F01C538009342DD /* LaunchScreen.storyboard in Resources */ = {isa = PBXBuildFile; fileRef = B3BF6A831F01C538009342DD /* LaunchScreen.storyboard */; };
		B3BF6A8D1F01C581009342DD /* MSButtonNode.swift in Sources */ = {isa = PBXBuildFile; fileRef = B3BF6A8C1F01C581009342DD /* MSButtonNode.swift */; };
		B3BF6A8F1F01C5E5009342DD /* assets-2.atlas in Resources */ = {isa = PBXBuildFile; fileRef = B3BF6A8E1F01C5E5009342DD /* assets-2.atlas */; };
/* End PBXBuildFile section */

/* Begin PBXFileReference section */
		B384399C1F02BF3400964F5E /* SushiPiece.swift */ = {isa = PBXFileReference; fileEncoding = 4; lastKnownFileType = sourcecode.swift; path = SushiPiece.swift; sourceTree = "<group>"; };
		B384399E1F02C58A00964F5E /* Character.swift */ = {isa = PBXFileReference; fileEncoding = 4; lastKnownFileType = sourcecode.swift; path = Character.swift; sourceTree = "<group>"; };
		B38439A01F02D60400964F5E /* AnimationActions.sks */ = {isa = PBXFileReference; lastKnownFileType = file.sks; name = AnimationActions.sks; path = ../AnimationActions.sks; sourceTree = "<group>"; };
		B38439A21F02D66E00964F5E /* sfx_swipe.caf */ = {isa = PBXFileReference; lastKnownFileType = file; path = sfx_swipe.caf; sourceTree = "<group>"; };
		B38439A41F030D1100964F5E /* MainMenu.sks */ = {isa = PBXFileReference; lastKnownFileType = file.sks; path = MainMenu.sks; sourceTree = "<group>"; };
		B38439A61F030E7000964F5E /* MainMenu.swift */ = {isa = PBXFileReference; fileEncoding = 4; lastKnownFileType = sourcecode.swift; path = MainMenu.swift; sourceTree = "<group>"; };
		B3BF6A711F01C537009342DD /* SuhshiNeko2.app */ = {isa = PBXFileReference; explicitFileType = wrapper.application; includeInIndex = 0; path = SuhshiNeko2.app; sourceTree = BUILT_PRODUCTS_DIR; };
		B3BF6A741F01C537009342DD /* AppDelegate.swift */ = {isa = PBXFileReference; lastKnownFileType = sourcecode.swift; path = AppDelegate.swift; sourceTree = "<group>"; };
		B3BF6A761F01C537009342DD /* GameScene.sks */ = {isa = PBXFileReference; lastKnownFileType = file.sks; path = GameScene.sks; sourceTree = "<group>"; };
		B3BF6A781F01C538009342DD /* Actions.sks */ = {isa = PBXFileReference; lastKnownFileType = file.sks; path = Actions.sks; sourceTree = "<group>"; };
		B3BF6A7A1F01C538009342DD /* GameScene.swift */ = {isa = PBXFileReference; lastKnownFileType = sourcecode.swift; path = GameScene.swift; sourceTree = "<group>"; };
		B3BF6A7C1F01C538009342DD /* GameViewController.swift */ = {isa = PBXFileReference; lastKnownFileType = sourcecode.swift; path = GameViewController.swift; sourceTree = "<group>"; };
		B3BF6A7F1F01C538009342DD /* Base */ = {isa = PBXFileReference; lastKnownFileType = file.storyboard; name = Base; path = Base.lproj/Main.storyboard; sourceTree = "<group>"; };
		B3BF6A811F01C538009342DD /* Assets.xcassets */ = {isa = PBXFileReference; lastKnownFileType = folder.assetcatalog; path = Assets.xcassets; sourceTree = "<group>"; };
		B3BF6A841F01C538009342DD /* Base */ = {isa = PBXFileReference; lastKnownFileType = file.storyboard; name = Base; path = Base.lproj/LaunchScreen.storyboard; sourceTree = "<group>"; };
		B3BF6A861F01C538009342DD /* Info.plist */ = {isa = PBXFileReference; lastKnownFileType = text.plist.xml; path = Info.plist; sourceTree = "<group>"; };
		B3BF6A8C1F01C581009342DD /* MSButtonNode.swift */ = {isa = PBXFileReference; fileEncoding = 4; lastKnownFileType = sourcecode.swift; path = MSButtonNode.swift; sourceTree = "<group>"; };
		B3BF6A8E1F01C5E5009342DD /* assets-2.atlas */ = {isa = PBXFileReference; lastKnownFileType = folder.skatlas; path = "assets-2.atlas"; sourceTree = "<group>"; };
/* End PBXFileReference section */

/* Begin PBXFrameworksBuildPhase section */
		B3BF6A6E1F01C537009342DD /* Frameworks */ = {
			isa = PBXFrameworksBuildPhase;
			buildActionMask = 2147483647;
			files = (
			);
			runOnlyForDeploymentPostprocessing = 0;
		};
/* End PBXFrameworksBuildPhase section */

/* Begin PBXGroup section */
		B3BF6A681F01C537009342DD = {
			isa = PBXGroup;
			children = (
				B3BF6A731F01C537009342DD /* SuhshiNeko2 */,
				B3BF6A721F01C537009342DD /* Products */,
				B3BF6A8E1F01C5E5009342DD /* assets-2.atlas */,
			);
			sourceTree = "<group>";
		};
		B3BF6A721F01C537009342DD /* Products */ = {
			isa = PBXGroup;
			children = (
				B3BF6A711F01C537009342DD /* SuhshiNeko2.app */,
			);
			name = Products;
			sourceTree = "<group>";
		};
		B3BF6A731F01C537009342DD /* SuhshiNeko2 */ = {
			isa = PBXGroup;
			children = (
				B3BF6A741F01C537009342DD /* AppDelegate.swift */,
				B3BF6A761F01C537009342DD /* GameScene.sks */,
				B3BF6A7A1F01C538009342DD /* GameScene.swift */,
				B38439A41F030D1100964F5E /* MainMenu.sks */,
				B38439A61F030E7000964F5E /* MainMenu.swift */,
				B3BF6A781F01C538009342DD /* Actions.sks */,
				B38439A01F02D60400964F5E /* AnimationActions.sks */,
				B38439A21F02D66E00964F5E /* sfx_swipe.caf */,
				B3BF6A8C1F01C581009342DD /* MSButtonNode.swift */,
				B3BF6A7C1F01C538009342DD /* GameViewController.swift */,
				B3BF6A7E1F01C538009342DD /* Main.storyboard */,
				B3BF6A811F01C538009342DD /* Assets.xcassets */,
				B3BF6A831F01C538009342DD /* LaunchScreen.storyboard */,
				B3BF6A861F01C538009342DD /* Info.plist */,
				B384399C1F02BF3400964F5E /* SushiPiece.swift */,
				B384399E1F02C58A00964F5E /* Character.swift */,
			);
			path = SuhshiNeko2;
			sourceTree = "<group>";
		};
/* End PBXGroup section */

/* Begin PBXNativeTarget section */
		B3BF6A701F01C537009342DD /* SuhshiNeko2 */ = {
			isa = PBXNativeTarget;
			buildConfigurationList = B3BF6A891F01C538009342DD /* Build configuration list for PBXNativeTarget "SuhshiNeko2" */;
			buildPhases = (
				B3BF6A6D1F01C537009342DD /* Sources */,
				B3BF6A6E1F01C537009342DD /* Frameworks */,
				B3BF6A6F1F01C537009342DD /* Resources */,
			);
			buildRules = (
			);
			dependencies = (
			);
			name = SuhshiNeko2;
			productName = SuhshiNeko2;
			productReference = B3BF6A711F01C537009342DD /* SuhshiNeko2.app */;
			productType = "com.apple.product-type.application";
		};
/* End PBXNativeTarget section */

/* Begin PBXProject section */
		B3BF6A691F01C537009342DD /* Project object */ = {
			isa = PBXProject;
			attributes = {
				LastSwiftUpdateCheck = 0830;
				LastUpgradeCheck = 0830;
				ORGANIZATIONNAME = Cappillen;
				TargetAttributes = {
					B3BF6A701F01C537009342DD = {
						CreatedOnToolsVersion = 8.3.3;
						DevelopmentTeam = 6E9XW5U7WR;
						ProvisioningStyle = Automatic;
					};
				};
			};
			buildConfigurationList = B3BF6A6C1F01C537009342DD /* Build configuration list for PBXProject "SuhshiNeko2" */;
			compatibilityVersion = "Xcode 3.2";
			developmentRegion = English;
			hasScannedForEncodings = 0;
			knownRegions = (
				en,
				Base,
			);
			mainGroup = B3BF6A681F01C537009342DD;
			productRefGroup = B3BF6A721F01C537009342DD /* Products */;
			projectDirPath = "";
			projectRoot = "";
			targets = (
				B3BF6A701F01C537009342DD /* SuhshiNeko2 */,
			);
		};
/* End PBXProject section */

/* Begin PBXResourcesBuildPhase section */
		B3BF6A6F1F01C537009342DD /* Resources */ = {
			isa = PBXResourcesBuildPhase;
			buildActionMask = 2147483647;
			files = (
				B3BF6A801F01C538009342DD /* Main.storyboard in Resources */,
				B38439A51F030D1100964F5E /* MainMenu.sks in Resources */,
				B3BF6A771F01C538009342DD /* GameScene.sks in Resources */,
				B38439A11F02D60400964F5E /* AnimationActions.sks in Resources */,
				B3BF6A821F01C538009342DD /* Assets.xcassets in Resources */,
				B3BF6A8F1F01C5E5009342DD /* assets-2.atlas in Resources */,
				B38439A31F02DF5200964F5E /* sfx_swipe.caf in Resources */,
				B3BF6A851F01C538009342DD /* LaunchScreen.storyboard in Resources */,
				B3BF6A791F01C538009342DD /* Actions.sks in Resources */,
			);
			runOnlyForDeploymentPostprocessing = 0;
		};
/* End PBXResourcesBuildPhase section */

/* Begin PBXSourcesBuildPhase section */
		B3BF6A6D1F01C537009342DD /* Sources */ = {
			isa = PBXSourcesBuildPhase;
			buildActionMask = 2147483647;
			files = (
				B3BF6A7B1F01C538009342DD /* GameScene.swift in Sources */,
				B3BF6A7D1F01C538009342DD /* GameViewController.swift in Sources */,
				B38439A71F030E7000964F5E /* MainMenu.swift in Sources */,
				B3BF6A751F01C537009342DD /* AppDelegate.swift in Sources */,
				B384399F1F02C58A00964F5E /* Character.swift in Sources */,
				B384399D1F02BF3400964F5E /* SushiPiece.swift in Sources */,
				B3BF6A8D1F01C581009342DD /* MSButtonNode.swift in Sources */,
			);
			runOnlyForDeploymentPostprocessing = 0;
		};
/* End PBXSourcesBuildPhase section */

/* Begin PBXVariantGroup section */
		B3BF6A7E1F01C538009342DD /* Main.storyboard */ = {
			isa = PBXVariantGroup;
			children = (
				B3BF6A7F1F01C538009342DD /* Base */,
			);
			name = Main.storyboard;
			sourceTree = "<group>";
		};
		B3BF6A831F01C538009342DD /* LaunchScreen.storyboard */ = {
			isa = PBXVariantGroup;
			children = (
				B3BF6A841F01C538009342DD /* Base */,
			);
			name = LaunchScreen.storyboard;
			sourceTree = "<group>";
		};
/* End PBXVariantGroup section */

/* Begin XCBuildConfiguration section */
		B3BF6A871F01C538009342DD /* Debug */ = {
			isa = XCBuildConfiguration;
			buildSettings = {
				ALWAYS_SEARCH_USER_PATHS = NO;
				CLANG_ANALYZER_NONNULL = YES;
				CLANG_ANALYZER_NUMBER_OBJECT_CONVERSION = YES_AGGRESSIVE;
				CLANG_CXX_LANGUAGE_STANDARD = "gnu++0x";
				CLANG_CXX_LIBRARY = "libc++";
				CLANG_ENABLE_MODULES = YES;
				CLANG_ENABLE_OBJC_ARC = YES;
				CLANG_WARN_BOOL_CONVERSION = YES;
				CLANG_WARN_CONSTANT_CONVERSION = YES;
				CLANG_WARN_DIRECT_OBJC_ISA_USAGE = YES_ERROR;
				CLANG_WARN_DOCUMENTATION_COMMENTS = YES;
				CLANG_WARN_EMPTY_BODY = YES;
				CLANG_WARN_ENUM_CONVERSION = YES;
				CLANG_WARN_INFINITE_RECURSION = YES;
				CLANG_WARN_INT_CONVERSION = YES;
				CLANG_WARN_OBJC_ROOT_CLASS = YES_ERROR;
				CLANG_WARN_SUSPICIOUS_MOVE = YES;
				CLANG_WARN_UNREACHABLE_CODE = YES;
				CLANG_WARN__DUPLICATE_METHOD_MATCH = YES;
				"CODE_SIGN_IDENTITY[sdk=iphoneos*]" = "iPhone Developer";
				COPY_PHASE_STRIP = NO;
				DEBUG_INFORMATION_FORMAT = dwarf;
				ENABLE_STRICT_OBJC_MSGSEND = YES;
				ENABLE_TESTABILITY = YES;
				GCC_C_LANGUAGE_STANDARD = gnu99;
				GCC_DYNAMIC_NO_PIC = NO;
				GCC_NO_COMMON_BLOCKS = YES;
				GCC_OPTIMIZATION_LEVEL = 0;
				GCC_PREPROCESSOR_DEFINITIONS = (
					"DEBUG=1",
					"$(inherited)",
				);
				GCC_WARN_64_TO_32_BIT_CONVERSION = YES;
				GCC_WARN_ABOUT_RETURN_TYPE = YES_ERROR;
				GCC_WARN_UNDECLARED_SELECTOR = YES;
				GCC_WARN_UNINITIALIZED_AUTOS = YES_AGGRESSIVE;
				GCC_WARN_UNUSED_FUNCTION = YES;
				GCC_WARN_UNUSED_VARIABLE = YES;
				IPHONEOS_DEPLOYMENT_TARGET = 10.3;
				MTL_ENABLE_DEBUG_INFO = YES;
				ONLY_ACTIVE_ARCH = YES;
				SDKROOT = iphoneos;
				SWIFT_ACTIVE_COMPILATION_CONDITIONS = DEBUG;
				SWIFT_OPTIMIZATION_LEVEL = "-Onone";
				TARGETED_DEVICE_FAMILY = "1,2";
			};
			name = Debug;
		};
		B3BF6A881F01C538009342DD /* Release */ = {
			isa = XCBuildConfiguration;
			buildSettings = {
				ALWAYS_SEARCH_USER_PATHS = NO;
				CLANG_ANALYZER_NONNULL = YES;
				CLANG_ANALYZER_NUMBER_OBJECT_CONVERSION = YES_AGGRESSIVE;
				CLANG_CXX_LANGUAGE_STANDARD = "gnu++0x";
				CLANG_CXX_LIBRARY = "libc++";
				CLANG_ENABLE_MODULES = YES;
				CLANG_ENABLE_OBJC_ARC = YES;
				CLANG_WARN_BOOL_CONVERSION = YES;
				CLANG_WARN_CONSTANT_CONVERSION = YES;
				CLANG_WARN_DIRECT_OBJC_ISA_USAGE = YES_ERROR;
				CLANG_WARN_DOCUMENTATION_COMMENTS = YES;
				CLANG_WARN_EMPTY_BODY = YES;
				CLANG_WARN_ENUM_CONVERSION = YES;
				CLANG_WARN_INFINITE_RECURSION = YES;
				CLANG_WARN_INT_CONVERSION = YES;
				CLANG_WARN_OBJC_ROOT_CLASS = YES_ERROR;
				CLANG_WARN_SUSPICIOUS_MOVE = YES;
				CLANG_WARN_UNREACHABLE_CODE = YES;
				CLANG_WARN__DUPLICATE_METHOD_MATCH = YES;
				"CODE_SIGN_IDENTITY[sdk=iphoneos*]" = "iPhone Developer";
				COPY_PHASE_STRIP = NO;
				DEBUG_INFORMATION_FORMAT = "dwarf-with-dsym";
				ENABLE_NS_ASSERTIONS = NO;
				ENABLE_STRICT_OBJC_MSGSEND = YES;
				GCC_C_LANGUAGE_STANDARD = gnu99;
				GCC_NO_COMMON_BLOCKS = YES;
				GCC_WARN_64_TO_32_BIT_CONVERSION = YES;
				GCC_WARN_ABOUT_RETURN_TYPE = YES_ERROR;
				GCC_WARN_UNDECLARED_SELECTOR = YES;
				GCC_WARN_UNINITIALIZED_AUTOS = YES_AGGRESSIVE;
				GCC_WARN_UNUSED_FUNCTION = YES;
				GCC_WARN_UNUSED_VARIABLE = YES;
				IPHONEOS_DEPLOYMENT_TARGET = 10.3;
				MTL_ENABLE_DEBUG_INFO = NO;
				SDKROOT = iphoneos;
				SWIFT_OPTIMIZATION_LEVEL = "-Owholemodule";
				TARGETED_DEVICE_FAMILY = "1,2";
				VALIDATE_PRODUCT = YES;
			};
			name = Release;
		};
		B3BF6A8A1F01C538009342DD /* Debug */ = {
			isa = XCBuildConfiguration;
			buildSettings = {
				ASSETCATALOG_COMPILER_APPICON_NAME = AppIcon;
				DEVELOPMENT_TEAM = 6E9XW5U7WR;
				INFOPLIST_FILE = SuhshiNeko2/Info.plist;
				LD_RUNPATH_SEARCH_PATHS = "$(inherited) @executable_path/Frameworks";
				PRODUCT_BUNDLE_IDENTIFIER = com.cap.SuhshiNeko2;
				PRODUCT_NAME = "$(TARGET_NAME)";
				SWIFT_VERSION = 3.0;
			};
			name = Debug;
		};
		B3BF6A8B1F01C538009342DD /* Release */ = {
			isa = XCBuildConfiguration;
			buildSettings = {
				ASSETCATALOG_COMPILER_APPICON_NAME = AppIcon;
				DEVELOPMENT_TEAM = 6E9XW5U7WR;
				INFOPLIST_FILE = SuhshiNeko2/Info.plist;
				LD_RUNPATH_SEARCH_PATHS = "$(inherited) @executable_path/Frameworks";
				PRODUCT_BUNDLE_IDENTIFIER = com.cap.SuhshiNeko2;
				PRODUCT_NAME = "$(TARGET_NAME)";
				SWIFT_VERSION = 3.0;
			};
			name = Release;
		};
/* End XCBuildConfiguration section */

/* Begin XCConfigurationList section */
		B3BF6A6C1F01C537009342DD /* Build configuration list for PBXProject "SuhshiNeko2" */ = {
			isa = XCConfigurationList;
			buildConfigurations = (
				B3BF6A871F01C538009342DD /* Debug */,
				B3BF6A881F01C538009342DD /* Release */,
			);
			defaultConfigurationIsVisible = 0;
			defaultConfigurationName = Release;
		};
		B3BF6A891F01C538009342DD /* Build configuration list for PBXNativeTarget "SuhshiNeko2" */ = {
			isa = XCConfigurationList;
			buildConfigurations = (
				B3BF6A8A1F01C538009342DD /* Debug */,
				B3BF6A8B1F01C538009342DD /* Release */,
			);
			defaultConfigurationIsVisible = 0;
			defaultConfigurationName = Release;
		};
/* End XCConfigurationList section */
	};
	rootObject = B3BF6A691F01C537009342DD /* Project object */;
}
